
Microsoft Visual Studio Solution File, Format Version 12.00
# Visual Studio Version 17
VisualStudioVersion = 17.9.34616.47
MinimumVisualStudioVersion = 10.0.40219.1
Project("{FAE04EC0-301F-11D3-BF4B-00C04F79EFBC}") = "ExtratoBancario.Api", "..\ExtratoBancario.Api\ExtratoBancario.Api.csproj", "{619FBFAB-D5CA-49A0-B13E-F4CBDA211783}"
EndProject
Project("{FAE04EC0-301F-11D3-BF4B-00C04F79EFBC}") = "ExtratoBancario.Core", "..\ExtratoBancario.Core\ExtratoBancario.Core.csproj", "{39DE5DAB-1D7A-4A1C-A722-FBAB6940E9F9}"
EndProject
Project("{FAE04EC0-301F-11D3-BF4B-00C04F79EFBC}") = "ExtratoBancario.Infra", "..\ExtratoBancario.Infra\ExtratoBancario.Infra.csproj", "{A452F7F9-9E85-4EEC-843A-C85C9534A1F6}"
EndProject
Project("{FAE04EC0-301F-11D3-BF4B-00C04F79EFBC}") = "ExtratoBancario.Test", "..\ExtratoBancario.Test\ExtratoBancario.Test.csproj", "{F68E6352-6200-46B2-B809-0CE78034E00F}"
EndProject
Global
	GlobalSection(SolutionConfigurationPlatforms) = preSolution
		Debug|Any CPU = Debug|Any CPU
		Release|Any CPU = Release|Any CPU
	EndGlobalSection
	GlobalSection(ProjectConfigurationPlatforms) = postSolution
		{619FBFAB-D5CA-49A0-B13E-F4CBDA211783}.Debug|Any CPU.ActiveCfg = Debug|Any CPU
		{619FBFAB-D5CA-49A0-B13E-F4CBDA211783}.Debug|Any CPU.Build.0 = Debug|Any CPU
		{619FBFAB-D5CA-49A0-B13E-F4CBDA211783}.Release|Any CPU.ActiveCfg = Release|Any CPU
		{619FBFAB-D5CA-49A0-B13E-F4CBDA211783}.Release|Any CPU.Build.0 = Release|Any CPU
		{39DE5DAB-1D7A-4A1C-A722-FBAB6940E9F9}.Debug|Any CPU.ActiveCfg = Debug|Any CPU
		{39DE5DAB-1D7A-4A1C-A722-FBAB6940E9F9}.Debug|Any CPU.Build.0 = Debug|Any CPU
		{39DE5DAB-1D7A-4A1C-A722-FBAB6940E9F9}.Release|Any CPU.ActiveCfg = Release|Any CPU
		{39DE5DAB-1D7A-4A1C-A722-FBAB6940E9F9}.Release|Any CPU.Build.0 = Release|Any CPU
		{A452F7F9-9E85-4EEC-843A-C85C9534A1F6}.Debug|Any CPU.ActiveCfg = Debug|Any CPU
		{A452F7F9-9E85-4EEC-843A-C85C9534A1F6}.Debug|Any CPU.Build.0 = Debug|Any CPU
		{A452F7F9-9E85-4EEC-843A-C85C9534A1F6}.Release|Any CPU.ActiveCfg = Release|Any CPU
		{A452F7F9-9E85-4EEC-843A-C85C9534A1F6}.Release|Any CPU.Build.0 = Release|Any CPU
		{F68E6352-6200-46B2-B809-0CE78034E00F}.Debug|Any CPU.ActiveCfg = Debug|Any CPU
		{F68E6352-6200-46B2-B809-0CE78034E00F}.Debug|Any CPU.Build.0 = Debug|Any CPU
		{F68E6352-6200-46B2-B809-0CE78034E00F}.Release|Any CPU.ActiveCfg = Release|Any CPU
		{F68E6352-6200-46B2-B809-0CE78034E00F}.Release|Any CPU.Build.0 = Release|Any CPU
	EndGlobalSection
	GlobalSection(SolutionProperties) = preSolution
		HideSolutionNode = FALSE
	EndGlobalSection
	GlobalSection(ExtensibilityGlobals) = postSolution
		SolutionGuid = {741908DC-ACF1-4FB2-837D-FE9B2D965657}
	EndGlobalSection
EndGlobal
