
Microsoft Visual Studio Solution File, Format Version 12.00
# Visual Studio Version 17
VisualStudioVersion = 17.9.34616.47
MinimumVisualStudioVersion = 10.0.40219.1
Project("{9A19103F-16F7-4668-BE54-9A1E7A4F7556}") = "ExtratoBancario.Api", "ExtratoBancario.Api\ExtratoBancario.Api.csproj", "{4BA12EF4-6CF8-48DB-BDA2-F5E85B2390C6}"
EndProject
Project("{9A19103F-16F7-4668-BE54-9A1E7A4F7556}") = "ExtratoBancario.Core", "ExtratoBancario.Core\ExtratoBancario.Core.csproj", "{062753FB-FDAE-40AB-B3D3-CF9AB5BB10D5}"
EndProject
Project("{9A19103F-16F7-4668-BE54-9A1E7A4F7556}") = "ExtratoBancario.Infra", "ExtratoBancario.Infra\ExtratoBancario.Infra.csproj", "{5B71D4E6-4B8C-4C39-BDCF-A16A11435CC5}"
EndProject
Project("{9A19103F-16F7-4668-BE54-9A1E7A4F7556}") = "ExtratoBancario.Test", "ExtratoBancario.Test\ExtratoBancario.Test.csproj", "{F5121835-2733-427A-8237-29FD9092A4EB}"
EndProject
Global
	GlobalSection(SolutionConfigurationPlatforms) = preSolution
		Debug|Any CPU = Debug|Any CPU
		Release|Any CPU = Release|Any CPU
	EndGlobalSection
	GlobalSection(ProjectConfigurationPlatforms) = postSolution
		{4BA12EF4-6CF8-48DB-BDA2-F5E85B2390C6}.Debug|Any CPU.ActiveCfg = Debug|Any CPU
		{4BA12EF4-6CF8-48DB-BDA2-F5E85B2390C6}.Debug|Any CPU.Build.0 = Debug|Any CPU
		{4BA12EF4-6CF8-48DB-BDA2-F5E85B2390C6}.Release|Any CPU.ActiveCfg = Release|Any CPU
		{4BA12EF4-6CF8-48DB-BDA2-F5E85B2390C6}.Release|Any CPU.Build.0 = Release|Any CPU
		{062753FB-FDAE-40AB-B3D3-CF9AB5BB10D5}.Debug|Any CPU.ActiveCfg = Debug|Any CPU
		{062753FB-FDAE-40AB-B3D3-CF9AB5BB10D5}.Debug|Any CPU.Build.0 = Debug|Any CPU
		{062753FB-FDAE-40AB-B3D3-CF9AB5BB10D5}.Release|Any CPU.ActiveCfg = Release|Any CPU
		{062753FB-FDAE-40AB-B3D3-CF9AB5BB10D5}.Release|Any CPU.Build.0 = Release|Any CPU
		{5B71D4E6-4B8C-4C39-BDCF-A16A11435CC5}.Debug|Any CPU.ActiveCfg = Debug|Any CPU
		{5B71D4E6-4B8C-4C39-BDCF-A16A11435CC5}.Debug|Any CPU.Build.0 = Debug|Any CPU
		{5B71D4E6-4B8C-4C39-BDCF-A16A11435CC5}.Release|Any CPU.ActiveCfg = Release|Any CPU
		{5B71D4E6-4B8C-4C39-BDCF-A16A11435CC5}.Release|Any CPU.Build.0 = Release|Any CPU
		{F5121835-2733-427A-8237-29FD9092A4EB}.Debug|Any CPU.ActiveCfg = Debug|Any CPU
		{F5121835-2733-427A-8237-29FD9092A4EB}.Debug|Any CPU.Build.0 = Debug|Any CPU
		{F5121835-2733-427A-8237-29FD9092A4EB}.Release|Any CPU.ActiveCfg = Release|Any CPU
		{F5121835-2733-427A-8237-29FD9092A4EB}.Release|Any CPU.Build.0 = Release|Any CPU
	EndGlobalSection
	GlobalSection(SolutionProperties) = preSolution
		HideSolutionNode = FALSE
	EndGlobalSection
	GlobalSection(ExtensibilityGlobals) = postSolution
		SolutionGuid = {741908DC-ACF1-4FB2-837D-FE9B2D965657}
	EndGlobalSection
EndGlobal
